
Microsoft Visual Studio Solution File, Format Version 12.00
# Visual Studio Version 17
VisualStudioVersion = 17.4.33213.308
MinimumVisualStudioVersion = 10.0.40219.1
Project("{FAE04EC0-301F-11D3-BF4B-00C04F79EFBC}") = "phone_book", "phone_book.csproj", "{8182C83E-2BA3-4408-9D5A-66E193B4BF7C}"
EndProject
Global
	GlobalSection(SolutionConfigurationPlatforms) = preSolution
		Debug|Any CPU = Debug|Any CPU
		Release|Any CPU = Release|Any CPU
	EndGlobalSection
	GlobalSection(ProjectConfigurationPlatforms) = postSolution
		{8182C83E-2BA3-4408-9D5A-66E193B4BF7C}.Debug|Any CPU.ActiveCfg = Debug|Any CPU
		{8182C83E-2BA3-4408-9D5A-66E193B4BF7C}.Debug|Any CPU.Build.0 = Debug|Any CPU
		{8182C83E-2BA3-4408-9D5A-66E193B4BF7C}.Release|Any CPU.ActiveCfg = Release|Any CPU
		{8182C83E-2BA3-4408-9D5A-66E193B4BF7C}.Release|Any CPU.Build.0 = Release|Any CPU
	EndGlobalSection
	GlobalSection(SolutionProperties) = preSolution
		HideSolutionNode = FALSE
	EndGlobalSection
	GlobalSection(ExtensibilityGlobals) = postSolution
		SolutionGuid = {67BF2E1E-6BAC-4B17-890E-C672D407BC8B}
	EndGlobalSection
EndGlobal
